
Microsoft Visual Studio Solution File, Format Version 12.00
# Visual Studio Version 17
VisualStudioVersion = 17.8.34525.116
MinimumVisualStudioVersion = 10.0.40219.1
Project("{FAE04EC0-301F-11D3-BF4B-00C04F79EFBC}") = "mei", "mei\mei.csproj", "{A136DAFB-BC58-4473-9ED1-38AC11BF96B8}"
EndProject
Global
	GlobalSection(SolutionConfigurationPlatforms) = preSolution
		Debug|Any CPU = Debug|Any CPU
		Release|Any CPU = Release|Any CPU
	EndGlobalSection
	GlobalSection(ProjectConfigurationPlatforms) = postSolution
		{A136DAFB-BC58-4473-9ED1-38AC11BF96B8}.Debug|Any CPU.ActiveCfg = Debug|Any CPU
		{A136DAFB-BC58-4473-9ED1-38AC11BF96B8}.Debug|Any CPU.Build.0 = Debug|Any CPU
		{A136DAFB-BC58-4473-9ED1-38AC11BF96B8}.Release|Any CPU.ActiveCfg = Release|Any CPU
		{A136DAFB-BC58-4473-9ED1-38AC11BF96B8}.Release|Any CPU.Build.0 = Release|Any CPU
	EndGlobalSection
	GlobalSection(SolutionProperties) = preSolution
		HideSolutionNode = FALSE
	EndGlobalSection
	GlobalSection(ExtensibilityGlobals) = postSolution
		SolutionGuid = {D9761E75-532C-445F-BC70-12798AAD262A}
	EndGlobalSection
EndGlobal
